
Microsoft Visual Studio Solution File, Format Version 12.00
# Visual Studio Version 17
VisualStudioVersion = 17.8.34525.116
MinimumVisualStudioVersion = 10.0.40219.1
Project("{FAE04EC0-301F-11D3-BF4B-00C04F79EFBC}") = "ProGit2", "ProGit2\ProGit2.csproj", "{FD8AFD5F-D05A-497A-B813-722301EC016E}"
EndProject
Global
	GlobalSection(SolutionConfigurationPlatforms) = preSolution
		Debug|Any CPU = Debug|Any CPU
		Release|Any CPU = Release|Any CPU
	EndGlobalSection
	GlobalSection(ProjectConfigurationPlatforms) = postSolution
		{FD8AFD5F-D05A-497A-B813-722301EC016E}.Debug|Any CPU.ActiveCfg = Debug|Any CPU
		{FD8AFD5F-D05A-497A-B813-722301EC016E}.Debug|Any CPU.Build.0 = Debug|Any CPU
		{FD8AFD5F-D05A-497A-B813-722301EC016E}.Release|Any CPU.ActiveCfg = Release|Any CPU
		{FD8AFD5F-D05A-497A-B813-722301EC016E}.Release|Any CPU.Build.0 = Release|Any CPU
	EndGlobalSection
	GlobalSection(SolutionProperties) = preSolution
		HideSolutionNode = FALSE
	EndGlobalSection
	GlobalSection(ExtensibilityGlobals) = postSolution
		SolutionGuid = {6ABC5571-64B3-4317-9AAE-B1F7D4D61C45}
	EndGlobalSection
EndGlobal
